
Microsoft Visual Studio Solution File, Format Version 12.00
# Visual Studio Version 16
VisualStudioVersion = 16.0.29728.190
MinimumVisualStudioVersion = 10.0.40219.1
Project("{9A19103F-16F7-4668-BE54-9A1E7A4F7556}") = "Anniversary", "Anniversary\Anniversary.csproj", "{FBADD809-649B-4778-8668-6B98BF4797C2}"
EndProject
Project("{9A19103F-16F7-4668-BE54-9A1E7A4F7556}") = "Anniversary.Model", "Anniversary.Model\Anniversary.Model.csproj", "{3BF884C9-9DD4-45A9-9CBA-6C778EFAEED7}"
EndProject
Project("{9A19103F-16F7-4668-BE54-9A1E7A4F7556}") = "Anniversary.IRepository", "Anniversary.IRepository\Anniversary.IRepository.csproj", "{C54034AE-4DA3-4F86-81C4-5E7DEF874CE7}"
EndProject
Project("{9A19103F-16F7-4668-BE54-9A1E7A4F7556}") = "Anniversary.Repository", "Anniversary.Repository\Anniversary.Repository.csproj", "{B0D23561-2DAA-4A2D-8546-E6C705863C89}"
EndProject
Project("{9A19103F-16F7-4668-BE54-9A1E7A4F7556}") = "Anniversary.Common", "Anniversary.Common\Anniversary.Common.csproj", "{2F1345B5-54E5-4FBE-B389-D4E5346AABB1}"
EndProject
Project("{9A19103F-16F7-4668-BE54-9A1E7A4F7556}") = "Anniversary.IServices", "Anniversary.IServices\Anniversary.IServices.csproj", "{60330EB2-11A6-402A-B1B2-93C6DB1A5698}"
EndProject
Project("{9A19103F-16F7-4668-BE54-9A1E7A4F7556}") = "Anniversary.Services", "Anniversary.Services\Anniversary.Services.csproj", "{3618371D-3FE9-4068-872C-B296358ECA64}"
EndProject
Project("{9A19103F-16F7-4668-BE54-9A1E7A4F7556}") = "Anniversary.OuterClient", "Anniversary.OuterClient\Anniversary.OuterClient.csproj", "{F19E3966-E5BF-4000-A78C-959E8A2DD043}"
EndProject
Project("{2150E333-8FDC-42A3-9474-1A3956D46DE8}") = "Identity", "Identity", "{0F8C4EE6-BDDC-4831-A013-5F180B602946}"
EndProject
Project("{9A19103F-16F7-4668-BE54-9A1E7A4F7556}") = "Identity.Api", "Identity\Identity.Api\Identity.Api.csproj", "{7FF136E6-8EC4-4BC0-9D85-F9B6F8CA4655}"
EndProject
Project("{2150E333-8FDC-42A3-9474-1A3956D46DE8}") = "GateWay", "GateWay", "{A7EB3B25-9FBC-4C68-A4F1-4A41011E7F8E}"
EndProject
Project("{FAE04EC0-301F-11D3-BF4B-00C04F79EFBC}") = "GateWay.Api", "GateWay\GateWay.Api\GateWay.Api.csproj", "{A8A4DEF4-11FD-4825-A5EF-C784F5FB7B6E}"
EndProject
Global
	GlobalSection(SolutionConfigurationPlatforms) = preSolution
		Debug|Any CPU = Debug|Any CPU
		Release|Any CPU = Release|Any CPU
	EndGlobalSection
	GlobalSection(ProjectConfigurationPlatforms) = postSolution
		{FBADD809-649B-4778-8668-6B98BF4797C2}.Debug|Any CPU.ActiveCfg = Debug|Any CPU
		{FBADD809-649B-4778-8668-6B98BF4797C2}.Debug|Any CPU.Build.0 = Debug|Any CPU
		{FBADD809-649B-4778-8668-6B98BF4797C2}.Release|Any CPU.ActiveCfg = Release|Any CPU
		{FBADD809-649B-4778-8668-6B98BF4797C2}.Release|Any CPU.Build.0 = Release|Any CPU
		{3BF884C9-9DD4-45A9-9CBA-6C778EFAEED7}.Debug|Any CPU.ActiveCfg = Debug|Any CPU
		{3BF884C9-9DD4-45A9-9CBA-6C778EFAEED7}.Debug|Any CPU.Build.0 = Debug|Any CPU
		{3BF884C9-9DD4-45A9-9CBA-6C778EFAEED7}.Release|Any CPU.ActiveCfg = Release|Any CPU
		{3BF884C9-9DD4-45A9-9CBA-6C778EFAEED7}.Release|Any CPU.Build.0 = Release|Any CPU
		{C54034AE-4DA3-4F86-81C4-5E7DEF874CE7}.Debug|Any CPU.ActiveCfg = Debug|Any CPU
		{C54034AE-4DA3-4F86-81C4-5E7DEF874CE7}.Debug|Any CPU.Build.0 = Debug|Any CPU
		{C54034AE-4DA3-4F86-81C4-5E7DEF874CE7}.Release|Any CPU.ActiveCfg = Release|Any CPU
		{C54034AE-4DA3-4F86-81C4-5E7DEF874CE7}.Release|Any CPU.Build.0 = Release|Any CPU
		{B0D23561-2DAA-4A2D-8546-E6C705863C89}.Debug|Any CPU.ActiveCfg = Debug|Any CPU
		{B0D23561-2DAA-4A2D-8546-E6C705863C89}.Debug|Any CPU.Build.0 = Debug|Any CPU
		{B0D23561-2DAA-4A2D-8546-E6C705863C89}.Release|Any CPU.ActiveCfg = Release|Any CPU
		{B0D23561-2DAA-4A2D-8546-E6C705863C89}.Release|Any CPU.Build.0 = Release|Any CPU
		{2F1345B5-54E5-4FBE-B389-D4E5346AABB1}.Debug|Any CPU.ActiveCfg = Debug|Any CPU
		{2F1345B5-54E5-4FBE-B389-D4E5346AABB1}.Debug|Any CPU.Build.0 = Debug|Any CPU
		{2F1345B5-54E5-4FBE-B389-D4E5346AABB1}.Release|Any CPU.ActiveCfg = Release|Any CPU
		{2F1345B5-54E5-4FBE-B389-D4E5346AABB1}.Release|Any CPU.Build.0 = Release|Any CPU
		{60330EB2-11A6-402A-B1B2-93C6DB1A5698}.Debug|Any CPU.ActiveCfg = Debug|Any CPU
		{60330EB2-11A6-402A-B1B2-93C6DB1A5698}.Debug|Any CPU.Build.0 = Debug|Any CPU
		{60330EB2-11A6-402A-B1B2-93C6DB1A5698}.Release|Any CPU.ActiveCfg = Release|Any CPU
		{60330EB2-11A6-402A-B1B2-93C6DB1A5698}.Release|Any CPU.Build.0 = Release|Any CPU
		{3618371D-3FE9-4068-872C-B296358ECA64}.Debug|Any CPU.ActiveCfg = Debug|Any CPU
		{3618371D-3FE9-4068-872C-B296358ECA64}.Debug|Any CPU.Build.0 = Debug|Any CPU
		{3618371D-3FE9-4068-872C-B296358ECA64}.Release|Any CPU.ActiveCfg = Release|Any CPU
		{3618371D-3FE9-4068-872C-B296358ECA64}.Release|Any CPU.Build.0 = Release|Any CPU
		{F19E3966-E5BF-4000-A78C-959E8A2DD043}.Debug|Any CPU.ActiveCfg = Debug|Any CPU
		{F19E3966-E5BF-4000-A78C-959E8A2DD043}.Debug|Any CPU.Build.0 = Debug|Any CPU
		{F19E3966-E5BF-4000-A78C-959E8A2DD043}.Release|Any CPU.ActiveCfg = Release|Any CPU
		{F19E3966-E5BF-4000-A78C-959E8A2DD043}.Release|Any CPU.Build.0 = Release|Any CPU
		{7FF136E6-8EC4-4BC0-9D85-F9B6F8CA4655}.Debug|Any CPU.ActiveCfg = Debug|Any CPU
		{7FF136E6-8EC4-4BC0-9D85-F9B6F8CA4655}.Debug|Any CPU.Build.0 = Debug|Any CPU
		{7FF136E6-8EC4-4BC0-9D85-F9B6F8CA4655}.Release|Any CPU.ActiveCfg = Release|Any CPU
		{7FF136E6-8EC4-4BC0-9D85-F9B6F8CA4655}.Release|Any CPU.Build.0 = Release|Any CPU
		{A8A4DEF4-11FD-4825-A5EF-C784F5FB7B6E}.Debug|Any CPU.ActiveCfg = Debug|Any CPU
		{A8A4DEF4-11FD-4825-A5EF-C784F5FB7B6E}.Debug|Any CPU.Build.0 = Debug|Any CPU
		{A8A4DEF4-11FD-4825-A5EF-C784F5FB7B6E}.Release|Any CPU.ActiveCfg = Release|Any CPU
		{A8A4DEF4-11FD-4825-A5EF-C784F5FB7B6E}.Release|Any CPU.Build.0 = Release|Any CPU
	EndGlobalSection
	GlobalSection(SolutionProperties) = preSolution
		HideSolutionNode = FALSE
	EndGlobalSection
	GlobalSection(NestedProjects) = preSolution
		{7FF136E6-8EC4-4BC0-9D85-F9B6F8CA4655} = {0F8C4EE6-BDDC-4831-A013-5F180B602946}
		{A8A4DEF4-11FD-4825-A5EF-C784F5FB7B6E} = {A7EB3B25-9FBC-4C68-A4F1-4A41011E7F8E}
	EndGlobalSection
	GlobalSection(ExtensibilityGlobals) = postSolution
		SolutionGuid = {2F175CC1-8742-4D52-A743-C65C30E37472}
	EndGlobalSection
EndGlobal
